{
  "name": "gpt-delivr",
  "version": "0.1.0",
  "lockfileVersion": 3,
  "requires": true,
  "packages": {
    "": {
      "name": "gpt-delivr",
      "version": "0.1.0",
      "license": "MIT",
      "dependencies": {
        "edge-runtime": "^3.0.1"
      }
    },
    "node_modules/@edge-runtime/format": {
      "version": "3.0.0",
      "resolved": "https://registry.npmjs.org/@edge-runtime/format/-/format-3.0.0.tgz",
      "integrity": "sha512-Mpg9LP4D9fxjXa6p3Wm4WnuK7XU5YKfFGvOje56ipdOvNXLj+DmLQSuX9uDbHmQ2KoJh/EYBAsmHqa+z8/wQgQ==",
      "engines": {
        "node": ">=16"
      }
    },
    "node_modules/@edge-runtime/ponyfill": {
      "version": "3.0.0",
      "resolved": "https://registry.npmjs.org/@edge-runtime/ponyfill/-/ponyfill-3.0.0.tgz",
      "integrity": "sha512-JQm5QjLYv/0P6/TwOjFDBfQVNPKNCRsgP8G9sWPwKzcB5bc5mt6AMtQvMloiOm+7PosvBhGB3V448eSNGd3CTQ==",
      "engines": {
        "node": ">=16"
      }
    },
    "node_modules/@edge-runtime/primitives": {
      "version": "5.0.1",
      "resolved": "https://registry.npmjs.org/@edge-runtime/primitives/-/primitives-5.0.1.tgz",
      "integrity": "sha512-qjqqCa9v3IE7Fo9OnmkIWg9l0WUu3uOfUYomuOVxaaHqlIvNI75E5IB0XNNDypz249ObRSmjRj8jLjkBUmFYYw==",
      "engines": {
        "node": ">=16"
      }
    },
    "node_modules/@edge-runtime/vm": {
      "version": "4.0.1",
      "resolved": "https://registry.npmjs.org/@edge-runtime/vm/-/vm-4.0.1.tgz",
      "integrity": "sha512-jYXrosmxlahsgLlChnSTRIfoOkcg+U+7jMEFvV5pQ9mJ7BrM2O4Kb+n/IDardpgEWZsXLBC9Y2RN7nhpuX7PTQ==",
      "dependencies": {
        "@edge-runtime/primitives": "5.0.1"
      },
      "engines": {
        "node": ">=16"
      }
    },
    "node_modules/async-listen": {
      "version": "3.0.1",
      "resolved": "https://registry.npmjs.org/async-listen/-/async-listen-3.0.1.tgz",
      "integrity": "sha512-cWMaNwUJnf37C/S5TfCkk/15MwbPRwVYALA2jtjkbHjCmAPiDXyNJy2q3p1KAZzDLHAWyarUWSujUoHR4pEgrA==",
      "engines": {
        "node": ">= 14"
      }
    },
    "node_modules/convert-hrtime": {
      "version": "3.0.0",
      "resolved": "https://registry.npmjs.org/convert-hrtime/-/convert-hrtime-3.0.0.tgz",
      "integrity": "sha512-7V+KqSvMiHp8yWDuwfww06XleMWVVB9b9tURBx+G7UTADuo5hYPuowKloz4OzOqbPezxgo+fdQ1522WzPG4OeA==",
      "engines": {
        "node": ">=8"
      }
    },
    "node_modules/edge-runtime": {
      "version": "3.0.1",
      "resolved": "https://registry.npmjs.org/edge-runtime/-/edge-runtime-3.0.1.tgz",
      "integrity": "sha512-N2QwOpv2y6ju9WvQSCebLz/Ce8qMBVoqnFbrtgRbZXBCaASmko/SpvFQ1de95hepaUw2XGxZS8rSoLFwpJZMCA==",
      "dependencies": {
        "@edge-runtime/format": "3.0.0",
        "@edge-runtime/ponyfill": "3.0.0",
        "@edge-runtime/vm": "4.0.1",
        "async-listen": "3.0.1",
        "mri": "1.2.0",
        "picocolors": "1.0.1",
        "pretty-ms": "7.0.1",
        "signal-exit": "4.0.2",
        "time-span": "4.0.0"
      },
      "bin": {
        "edge-runtime": "dist/cli/index.js"
      },
      "engines": {
        "node": ">=16"
      }
    },
    "node_modules/mri": {
      "version": "1.2.0",
      "resolved": "https://registry.npmjs.org/mri/-/mri-1.2.0.tgz",
      "integrity": "sha512-tzzskb3bG8LvYGFF/mDTpq3jpI6Q9wc3LEmBaghu+DdCssd1FakN7Bc0hVNmEyGq1bq3RgfkCb3cmQLpNPOroA==",
      "engines": {
        "node": ">=4"
      }
    },
    "node_modules/parse-ms": {
      "version": "2.1.0",
      "resolved": "https://registry.npmjs.org/parse-ms/-/parse-ms-2.1.0.tgz",
      "integrity": "sha512-kHt7kzLoS9VBZfUsiKjv43mr91ea+U05EyKkEtqp7vNbHxmaVuEqN7XxeEVnGrMtYOAxGrDElSi96K7EgO1zCA==",
      "engines": {
        "node": ">=6"
      }
    },
    "node_modules/picocolors": {
      "version": "1.0.1",
      "resolved": "https://registry.npmjs.org/picocolors/-/picocolors-1.0.1.tgz",
      "integrity": "sha512-anP1Z8qwhkbmu7MFP5iTt+wQKXgwzf7zTyGlcdzabySa9vd0Xt392U0rVmz9poOaBj0uHJKyyo9/upk0HrEQew=="
    },
    "node_modules/pretty-ms": {
      "version": "7.0.1",
      "resolved": "https://registry.npmjs.org/pretty-ms/-/pretty-ms-7.0.1.tgz",
      "integrity": "sha512-973driJZvxiGOQ5ONsFhOF/DtzPMOMtgC11kCpUrPGMTgqp2q/1gwzCquocrN33is0VZ5GFHXZYMM9l6h67v2Q==",
      "dependencies": {
        "parse-ms": "^2.1.0"
      },
      "engines": {
        "node": ">=10"
      },
      "funding": {
        "url": "https://github.com/sponsors/sindresorhus"
      }
    },
    "node_modules/signal-exit": {
      "version": "4.0.2",
      "resolved": "https://registry.npmjs.org/signal-exit/-/signal-exit-4.0.2.tgz",
      "integrity": "sha512-MY2/qGx4enyjprQnFaZsHib3Yadh3IXyV2C321GY0pjGfVBu4un0uDJkwgdxqO+Rdx8JMT8IfJIRwbYVz3Ob3Q==",
      "engines": {
        "node": ">=14"
      },
      "funding": {
        "url": "https://github.com/sponsors/isaacs"
      }
    },
    "node_modules/time-span": {
      "version": "4.0.0",
      "resolved": "https://registry.npmjs.org/time-span/-/time-span-4.0.0.tgz",
      "integrity": "sha512-MyqZCTGLDZ77u4k+jqg4UlrzPTPZ49NDlaekU6uuFaJLzPIN1woaRXCbGeqOfxwc3Y37ZROGAJ614Rdv7Olt+g==",
      "dependencies": {
        "convert-hrtime": "^3.0.0"
      },
      "engines": {
        "node": ">=10"
      },
      "funding": {
        "url": "https://github.com/sponsors/sindresorhus"
      }
    }
  }
}
